lockfileVersion: '9.0'

settings:
  autoInstallPeers: true
  excludeLinksFromLockfile: false

overrides:
  jquery: 3.7.1
  react: 18.2.0
  app-c>react: 18.0.0

importers:

  .:
    optionalDependencies:
      jquery:
        specifier: 3.7.1
        version: 3.7.1
      lodash:
        specifier: ^4.17.21
        version: 4.17.21
      react:
        specifier: 18.2.0
        version: 18.2.0

  packages/app-a:
    dependencies:
      jquery:
        specifier: 3.7.1
        version: 3.7.1
      react:
        specifier: 18.2.0
        version: 18.2.0

  packages/app-b:
    dependencies:
      react:
        specifier: 18.2.0
        version: 18.2.0

  packages/app-c:
    dependencies:
      react:
        specifier: 18.0.0
        version: 18.0.0

packages:

  jquery@3.7.1:
    resolution: {integrity: sha512-m4avr8yL8kmFN8psrbFFFmB/If14iN5o9nw/NgnnM+kybDJpRsAynV2BsfpTYrTRysYUdADVD7CkUUizgkpLfg==}

  js-tokens@4.0.0:
    resolution: {integrity: sha512-RdJUflcE3cUzKiMqQgsCu06FPu9UdIJO0beYbPhHN4k6apgJtifcoCtT9bcxOpYBtpD2kCM6Sbzg4CausW/PKQ==}

  lodash@4.17.21:
    resolution: {integrity: sha512-v2kDEe57lecTulaDIuNTPy3Ry4gLGJ6Z1O3vE1krgXZNrsQ+LFTGHVxVjcXPs17LhbZVGedAJv8XZ1tvj5FvSg==}

  loose-envify@1.4.0:
    resolution: {integrity: sha512-lyuxPGr/Wfhrlem2CL/UcnUc1zcqKAImBDzukY7Y5F/yQiNdko6+fRLevlw1HgMySw7f611UIY408EtxRSoK3Q==}
    hasBin: true

  react@18.0.0:
    resolution: {integrity: sha512-x+VL6wbT4JRVPm7EGxXhZ8w8LTROaxPXOqhlGyVSrv0sB1jkyFGgXxJ8LVoPRLvPR6/CIZGFmfzqUa2NYeMr2A==}
    engines: {node: '>=0.10.0'}

  react@18.2.0:
    resolution: {integrity: sha512-/3IjMdb2L9QbBdWiW5e3P2/npwMBaU9mHCSCUzNln0ZCYbcfTsGbTJrU/kGemdH2IWmB2ioZ+zkxtmq6g09fGQ==}
    engines: {node: '>=0.10.0'}

snapshots:

  jquery@3.7.1: {}

  js-tokens@4.0.0: {}

  lodash@4.17.21:
    optional: true

  loose-envify@1.4.0:
    dependencies:
      js-tokens: 4.0.0

  react@18.0.0:
    dependencies:
      loose-envify: 1.4.0

  react@18.2.0: {}
