lockfileVersion: '6.0'

settings:
  autoInstallPeers: true
  excludeLinksFromLockfile: false

overrides:
  jquery: 3.7.1
  react: 18.3.0
  react-dom: 18.3.0
  app-c>react: 18.0.0
  commander: ^12.0.0

importers:

  .:
    dependencies:
      commander:
        specifier: ^12.0.0
        version: 12.0.0
      jquery:
        specifier: 3.7.1
        version: 3.7.1
      react:
        specifier: 18.3.0
        version: 18.3.0
      react-dom:
        specifier: 18.3.0
        version: 18.3.0(react@18.3.0)

  packages/app-a:
    dependencies:
      jquery:
        specifier: 3.7.1
        version: 3.7.1
      react:
        specifier: 18.3.0
        version: 18.3.0

  packages/app-b:
    dependencies:
      react:
        specifier: 18.3.0
        version: 18.3.0

  packages/app-c:
    dependencies:
      commander:
        specifier: ^12.0.0
        version: 12.0.0
      react:
        specifier: 18.3.0
        version: 18.3.0
      react-dom:
        specifier: 18.3.0
        version: 18.3.0(react@18.3.0)

packages:

  /commander@12.0.0:
    resolution: {integrity: sha512-MwVNWlYjDTtOjX5PiD7o5pK0UrFU/OYgcJfjjK4RaHZETNtjJqrZa9Y9ds88+A+f+d5lv+561eZ+yCKoS3gbAA==}
    engines: {node: '>=18'}
    dev: false

  /jquery@3.7.1:
    resolution: {integrity: sha512-m4avr8yL8kmFN8psrbFFFmB/If14iN5o9nw/NgnnM+kybDJpRsAynV2BsfpTYrTRysYUdADVD7CkUUizgkpLfg==}
    dev: false

  /js-tokens@4.0.0:
    resolution: {integrity: sha512-RdJUflcE3cUzKiMqQgsCu06FPu9UdIJO0beYbPhHN4k6apgJtifcoCtT9bcxOpYBtpD2kCM6Sbzg4CausW/PKQ==}
    dev: false

  /loose-envify@1.4.0:
    resolution: {integrity: sha512-lyuxPGr/Wfhrlem2CL/UcnUc1zcqKAImBDzukY7Y5F/yQiNdko6+fRLevlw1HgMySw7f611UIY408EtxRSoK3Q==}
    hasBin: true
    dependencies:
      js-tokens: 4.0.0
    dev: false

  /react-dom@18.3.0(react@18.3.0):
    resolution: {integrity: sha512-zaKdLBftQJnvb7FtDIpZtsAIb2MZU087RM8bRDZU8LVCCFYjPTsDZJNFUWPcVz3HFSN1n/caxi0ca4B/aaVQGQ==}
    peerDependencies:
      react: 18.3.0
    dependencies:
      loose-envify: 1.4.0
      react: 18.3.0
      scheduler: 0.23.1
    dev: false

  /react@18.3.0:
    resolution: {integrity: sha512-RPutkJftSAldDibyrjuku7q11d3oy6wKOyPe5K1HA/HwwrXcEqBdHsLypkC2FFYjP7bPUa6gbzSBhw4sY2JcDg==}
    engines: {node: '>=0.10.0'}
    dependencies:
      loose-envify: 1.4.0
    dev: false

  /scheduler@0.23.1:
    resolution: {integrity: sha512-5GKS5JGfiah1O38Vfa9srZE4s3wdHbwjlCrvIookrg2FO9aIwKLOJXuJQFlEfNcVSOXuaL2hzDeY20uVXcUtrw==}
    dependencies:
      loose-envify: 1.4.0
    dev: false
